
Microsoft Visual Studio Solution File, Format Version 12.00
# Visual Studio Version 17
VisualStudioVersion = 17.11.35219.272
MinimumVisualStudioVersion = 10.0.40219.1
Project("{FAE04EC0-301F-11D3-BF4B-00C04F79EFBC}") = "SIX DEGREES-BACKEND", "SIX DEGREES-BACKEND\SIX DEGREES-BACKEND.csproj", "{EADDF391-5745-4BE5-81E9-91269919D427}"
EndProject
Global
	GlobalSection(SolutionConfigurationPlatforms) = preSolution
		Debug|Any CPU = Debug|Any CPU
		Release|Any CPU = Release|Any CPU
	EndGlobalSection
	GlobalSection(ProjectConfigurationPlatforms) = postSolution
		{EADDF391-5745-4BE5-81E9-91269919D427}.Debug|Any CPU.ActiveCfg = Debug|Any CPU
		{EADDF391-5745-4BE5-81E9-91269919D427}.Debug|Any CPU.Build.0 = Debug|Any CPU
		{EADDF391-5745-4BE5-81E9-91269919D427}.Release|Any CPU.ActiveCfg = Release|Any CPU
		{EADDF391-5745-4BE5-81E9-91269919D427}.Release|Any CPU.Build.0 = Release|Any CPU
	EndGlobalSection
	GlobalSection(SolutionProperties) = preSolution
		HideSolutionNode = FALSE
	EndGlobalSection
	GlobalSection(ExtensibilityGlobals) = postSolution
		SolutionGuid = {035134F0-8CB0-46C8-BA19-5D42F1294B8F}
	EndGlobalSection
EndGlobal
